
Microsoft Visual Studio Solution File, Format Version 12.00
# Visual Studio Version 16
VisualStudioVersion = 16.0.32106.194
MinimumVisualStudioVersion = 10.0.40219.1
Project("{FAE04EC0-301F-11D3-BF4B-00C04F79EFBC}") = "DeepWebAPICore5", "DeepWebAPICore5.csproj", "{2A66AAE7-CF7C-4893-80EA-C23335626F4B}"
EndProject
Global
	GlobalSection(SolutionConfigurationPlatforms) = preSolution
		Debug|Any CPU = Debug|Any CPU
		Release|Any CPU = Release|Any CPU
	EndGlobalSection
	GlobalSection(ProjectConfigurationPlatforms) = postSolution
		{2A66AAE7-CF7C-4893-80EA-C23335626F4B}.Debug|Any CPU.ActiveCfg = Debug|Any CPU
		{2A66AAE7-CF7C-4893-80EA-C23335626F4B}.Debug|Any CPU.Build.0 = Debug|Any CPU
		{2A66AAE7-CF7C-4893-80EA-C23335626F4B}.Release|Any CPU.ActiveCfg = Release|Any CPU
		{2A66AAE7-CF7C-4893-80EA-C23335626F4B}.Release|Any CPU.Build.0 = Release|Any CPU
	EndGlobalSection
	GlobalSection(SolutionProperties) = preSolution
		HideSolutionNode = FALSE
	EndGlobalSection
	GlobalSection(ExtensibilityGlobals) = postSolution
		SolutionGuid = {D6CBCE82-45CB-4081-AA24-7760F00FB12C}
	EndGlobalSection
EndGlobal
